<?xml version="1.0" encoding="Windows-1252"?>
<Project ToolsVersion="4.0" xmlns="http://schemas.microsoft.com/developer/msbuild/2003">
  <ItemGroup>
    <Filter Include="Source Files">
      <UniqueIdentifier>"{91b0f28d-1d6a-4ff7-a6d4-a1500afaeb84}
"</UniqueIdentifier>
      <Extensions>cpp;c;cc;cxx;def;odl;idl;hpj;bat;asm;asmx</Extensions>
    </Filter>
    <Filter Include="Header Files">
      <UniqueIdentifier>"{91b0f28d-1d6a-4ff7-a6d4-a1500afaeb84}
"</UniqueIdentifier>
      <Extensions>h;hpp;hxx;hm;inl;inc;xsd</Extensions>
    </Filter>
    <Filter Include="Resource Files">
      <UniqueIdentifier>"{91b0f28d-1d6a-4ff7-a6d4-a1500afaeb84}
"</UniqueIdentifier>
      <Extensions>rc;ico;cur;bmp;dlg;rc2;rct;bin;rgs;gif;jpg;jpeg;jpe;resx;tiff;tif;png;wav;mfcribbon-ms</Extensions>
    </Filter>
  </ItemGroup>
  <ItemGroup>
    <ClCompile Include="AP89_FT.cpp">
      <Filter>Source Files</Filter>
    </ClCompile>
    <ClCompile Include="Hardware_Checker.cpp">
      <Filter>Source Files</Filter>
    </ClCompile>
    <ClCompile Include="Contact.cpp">
      <Filter>Source Files</Filter>
    </ClCompile>
    <ClCompile Include="MaximLib.cpp">
      <Filter>Source Files</Filter>
    </ClCompile>
    <ClCompile Include="Power_Down.cpp">
      <Filter>Source Files</Filter>
    </ClCompile>
    <ClCompile Include="Globals.cpp">
      <Filter>Source Files</Filter>
    </ClCompile>
    <ClCompile Include="Digital_Levels_And_Timing.cpp">
      <Filter>Source Files</Filter>
    </ClCompile>
    <ClCompile Include="Deglitch.cpp">
      <Filter>Source Files</Filter>
    </ClCompile>
    <ClCompile Include="MaximFuncLib.cpp">
      <Filter>Source Files</Filter>
    </ClCompile>
    <ClCompile Include="GlobalTrims.cpp">
      <Filter>Source Files</Filter>
    </ClCompile>
    <ClCompile Include="AP89_FT_Utils.cpp">
      <Filter>Source Files</Filter>
    </ClCompile>
    <ClCompile Include="Preliminary_Check.cpp">
      <Filter>Source Files</Filter>
    </ClCompile>
    <ClCompile Include="OTP_Trim.cpp">
      <Filter>Source Files</Filter>
    </ClCompile>
    <ClCompile Include="OTP_Burn.cpp">
      <Filter>Source Files</Filter>
    </ClCompile>
    <ClCompile Include="SP_Trim.cpp">
      <Filter>Source Files</Filter>
    </ClCompile>
    <ClCompile Include="Device_ID.cpp">
      <Filter>Source Files</Filter>
    </ClCompile>
    <ClCompile Include="OTP_ReadBack.cpp">
      <Filter>Source Files</Filter>
    </ClCompile>
    <ClCompile Include="Leakage.cpp">
      <Filter>Source Files</Filter>
    </ClCompile>
    <ClCompile Include="Supply_Current.cpp">
      <Filter>Source Files</Filter>
    </ClCompile>
    <ClCompile Include="OTP_Post.cpp">
      <Filter>Source Files</Filter>
    </ClCompile>
    <ClCompile Include="Power_Input.cpp">
      <Filter>Source Files</Filter>
    </ClCompile>
    <ClCompile Include="Logic_Input.cpp">
      <Filter>Source Files</Filter>
    </ClCompile>
    <ClCompile Include="SCAN.cpp">
      <Filter>Source Files</Filter>
    </ClCompile>
    <ClCompile Include="Error_Amp.cpp">
      <Filter>Source Files</Filter>
    </ClCompile>
    <ClCompile Include="Boost_DAC.cpp">
      <Filter>Source Files</Filter>
    </ClCompile>
    <ClCompile Include="SERVO.cpp">
      <Filter>Source Files</Filter>
    </ClCompile>
    <ClCompile Include="OverVoltage_UnderVoltage.cpp">
      <Filter>Source Files</Filter>
    </ClCompile>
    <ClCompile Include="CurrentSense_Comparator.cpp">
      <Filter>Source Files</Filter>
    </ClCompile>
    <ClCompile Include="MOSFET_Driver.cpp">
      <Filter>Source Files</Filter>
    </ClCompile>
    <ClCompile Include="VCC_Regulator.cpp">
      <Filter>Source Files</Filter>
    </ClCompile>
    <ClCompile Include="RT_Oscillator.cpp">
      <Filter>Source Files</Filter>
    </ClCompile>
    <ClCompile Include="Freq_Dither.cpp">
      <Filter>Source Files</Filter>
    </ClCompile>
    <ClCompile Include="Ext_Sync.cpp">
      <Filter>Source Files</Filter>
    </ClCompile>
    <ClCompile Include="LED_Current_Sink.cpp">
      <Filter>Source Files</Filter>
    </ClCompile>
    <ClCompile Include="ISET_DAC.cpp">
      <Filter>Source Files</Filter>
    </ClCompile>
    <ClCompile Include="LED_Fault_Detection.cpp">
      <Filter>Source Files</Filter>
    </ClCompile>
    <ClCompile Include="LED_Current_Measurement.cpp">
      <Filter>Source Files</Filter>
    </ClCompile>
    <ClCompile Include="Thermal_Shutdown.cpp">
      <Filter>Source Files</Filter>
    </ClCompile>
    <ClCompile Include="DIAG.cpp">
      <Filter>Source Files</Filter>
    </ClCompile>
    <ClCompile Include="I2C_Interface.cpp">
      <Filter>Source Files</Filter>
    </ClCompile>
  </ItemGroup>
  <ItemGroup>
    <ClInclude Include="AP89_FT.h">
      <Filter>Header Files</Filter>
    </ClInclude>
    <ClInclude Include="Resource.h">
      <Filter>Header Files</Filter>
    </ClInclude>
    <ClInclude Include="Power_Down.h">
      <Filter>Header Files</Filter>
    </ClInclude>
    <ClInclude Include="Globals.h">
      <Filter>Header Files</Filter>
    </ClInclude>
    <ClInclude Include="AP89_FT_Awg.h">
      <Filter>Header Files</Filter>
    </ClInclude>
    <ClInclude Include="Digital_Levels_And_Timing.h">
      <Filter>Header Files</Filter>
    </ClInclude>
    <ClInclude Include="Hardware_Checker.h">
      <Filter>Header Files</Filter>
    </ClInclude>
    <ClInclude Include="Contact.h">
      <Filter>Header Files</Filter>
    </ClInclude>
    <ClInclude Include="GlobalTrims.h">
      <Filter>Header Files</Filter>
    </ClInclude>
    <ClInclude Include="AP89_FT_Utils.h">
      <Filter>Header Files</Filter>
    </ClInclude>
  </ItemGroup>
  <ItemGroup>
    <ResourceCompile Include="AP89_FT.rc">
      <Filter>Resource Files</Filter>
    </ResourceCompile>
  </ItemGroup>
  <ItemGroup>
    <None Include="AP89_FT.engr">
      <Filter>Resource Files</Filter>
    </None>
    <None Include="AP89_FT.pds">
      <Filter>Resource Files</Filter>
    </None>
    <None Include="AP89_FT.pmd">
      <Filter>Resource Files</Filter>
    </None>
    <None Include="AP89_FT.evd">
      <Filter>Resource Files</Filter>
    </None>
  </ItemGroup>
</Project>